
Microsoft Visual Studio Solution File, Format Version 12.00
# Visual Studio Version 16
VisualStudioVersion = 16.0.30128.74
MinimumVisualStudioVersion = 10.0.40219.1
Project("{FAE04EC0-301F-11D3-BF4B-00C04F79EFBC}") = "SystemTimeSync", "SystemTimeSync\SystemTimeSync.csproj", "{A2975EC1-D32C-4A8F-B2FE-4F59B968CD33}"
EndProject
Global
	GlobalSection(SolutionConfigurationPlatforms) = preSolution
		Debug|Any CPU = Debug|Any CPU
		Release|Any CPU = Release|Any CPU
	EndGlobalSection
	GlobalSection(ProjectConfigurationPlatforms) = postSolution
		{A2975EC1-D32C-4A8F-B2FE-4F59B968CD33}.Debug|Any CPU.ActiveCfg = Debug|Any CPU
		{A2975EC1-D32C-4A8F-B2FE-4F59B968CD33}.Debug|Any CPU.Build.0 = Debug|Any CPU
		{A2975EC1-D32C-4A8F-B2FE-4F59B968CD33}.Release|Any CPU.ActiveCfg = Release|Any CPU
		{A2975EC1-D32C-4A8F-B2FE-4F59B968CD33}.Release|Any CPU.Build.0 = Release|Any CPU
	EndGlobalSection
	GlobalSection(SolutionProperties) = preSolution
		HideSolutionNode = FALSE
	EndGlobalSection
	GlobalSection(ExtensibilityGlobals) = postSolution
		SolutionGuid = {36353117-A635-4FA3-9F12-F8ECC91FEE2B}
	EndGlobalSection
EndGlobal
